{
  "name": "sonatine-lib",
  "version": "0.0.1",
  "lockfileVersion": 1,
  "requires": true,
  "dependencies": {
    "@svgdotjs/svg.js": {
      "version": "3.0.16",
      "resolved": "https://registry.npmjs.org/@svgdotjs/svg.js/-/svg.js-3.0.16.tgz",
      "integrity": "sha512-yZ4jfP/SeLHEnCi9PIrzienKCrA4vW9+jm5uUV3N5DG2e9zgXLY5FgywK2u8/gMFIeKO0HuqTLFFfWJj+MfMLA=="
    },
    "lodash": {
      "version": "4.17.21",
      "resolved": "https://registry.npmjs.org/lodash/-/lodash-4.17.21.tgz",
      "integrity": "sha512-v2kDEe57lecTulaDIuNTPy3Ry4gLGJ6Z1O3vE1krgXZNrsQ+LFTGHVxVjcXPs17LhbZVGedAJv8XZ1tvj5FvSg=="
    },
    "lodash.product": {
      "version": "18.9.19",
      "resolved": "https://registry.npmjs.org/lodash.product/-/lodash.product-18.9.19.tgz",
      "integrity": "sha512-yPX6KO0jveBR/DjSngqvUEynWTb4oJwB8g5WseShPzX0CO8pjX1gxlR5Fo7V3E81uPDc9mEuNVw3Ah6df9uy0g=="
    }
  }
}
